
Microsoft Visual Studio Solution File, Format Version 12.00
# Visual Studio 15
VisualStudioVersion = 15.0.26124.0
MinimumVisualStudioVersion = 15.0.26124.0
Project("{2150E333-8FDC-42A3-9474-1A3956D46DE8}") = "Code", "Code", "{A3338E81-C1A0-4E98-A0C0-AC33D9891661}"
EndProject
Project("{FAE04EC0-301F-11D3-BF4B-00C04F79EFBC}") = "DotnetwithMogoDB.Api", "Code\DotnetwithMogoDB.Api\DotnetwithMogoDB.Api.csproj", "{AAD01AC3-34EB-4CAA-BCCC-F2FE72E1E49A}"
EndProject
Project("{FAE04EC0-301F-11D3-BF4B-00C04F79EFBC}") = "DotnetwithMogoDB.Business", "Code\DotnetwithMogoDB.Business\DotnetwithMogoDB.Business.csproj", "{BD9417A4-5066-472B-BFB7-A9C92D06607A}"
EndProject
Project("{FAE04EC0-301F-11D3-BF4B-00C04F79EFBC}") = "DotnetwithMogoDB.Data", "Code\DotnetwithMogoDB.Data\DotnetwithMogoDB.Data.csproj", "{0D294B1C-EA75-44DD-BC73-8E5B0B7A6B3E}"
EndProject
Project("{FAE04EC0-301F-11D3-BF4B-00C04F79EFBC}") = "DotnetwithMogoDB.Entities", "Code\DotnetwithMogoDB.Entities\DotnetwithMogoDB.Entities.csproj", "{F1DEF9DD-D7BF-44CF-9324-198BAAA3CCB4}"
EndProject
Project("{FAE04EC0-301F-11D3-BF4B-00C04F79EFBC}") = "DotnetwithMogoDB.Test.Api", "Code\DotnetwithMogoDB.Test.Api\DotnetwithMogoDB.Test.Api.csproj", "{55445926-FBF6-43DC-AD32-B53FB04726AA}"
EndProject
Project("{FAE04EC0-301F-11D3-BF4B-00C04F79EFBC}") = "DotnetwithMogoDB.Test.Business", "Code\DotnetwithMogoDB.Test.Business\DotnetwithMogoDB.Test.Business.csproj", "{7B332ECC-525F-46F4-BEEF-79113ABB5060}"
EndProject
Project("{FAE04EC0-301F-11D3-BF4B-00C04F79EFBC}") = "DotnetwithMogoDB.Test.Framework", "Code\DotnetwithMogoDB.Test.Framework\DotnetwithMogoDB.Test.Framework.csproj", "{7F71A78C-02F8-47ED-BA37-BAF8199B656A}"
EndProject
Project("{2150E333-8FDC-42A3-9474-1A3956D46DE8}") = "Test", "Test", "{9A43430F-CA0D-424E-8473-43308A1E6B12}"
EndProject
Global
	GlobalSection(SolutionConfigurationPlatforms) = preSolution
		Debug|Any CPU = Debug|Any CPU
		Debug|x64 = Debug|x64
		Debug|x86 = Debug|x86
		Release|Any CPU = Release|Any CPU
		Release|x64 = Release|x64
		Release|x86 = Release|x86
	EndGlobalSection
	GlobalSection(SolutionProperties) = preSolution
		HideSolutionNode = FALSE
	EndGlobalSection
	GlobalSection(ProjectConfigurationPlatforms) = postSolution
		{AAD01AC3-34EB-4CAA-BCCC-F2FE72E1E49A}.Debug|Any CPU.ActiveCfg = Debug|Any CPU
		{AAD01AC3-34EB-4CAA-BCCC-F2FE72E1E49A}.Debug|Any CPU.Build.0 = Debug|Any CPU
		{AAD01AC3-34EB-4CAA-BCCC-F2FE72E1E49A}.Debug|x64.ActiveCfg = Debug|Any CPU
		{AAD01AC3-34EB-4CAA-BCCC-F2FE72E1E49A}.Debug|x64.Build.0 = Debug|Any CPU
		{AAD01AC3-34EB-4CAA-BCCC-F2FE72E1E49A}.Debug|x86.ActiveCfg = Debug|Any CPU
		{AAD01AC3-34EB-4CAA-BCCC-F2FE72E1E49A}.Debug|x86.Build.0 = Debug|Any CPU
		{AAD01AC3-34EB-4CAA-BCCC-F2FE72E1E49A}.Release|Any CPU.ActiveCfg = Release|Any CPU
		{AAD01AC3-34EB-4CAA-BCCC-F2FE72E1E49A}.Release|Any CPU.Build.0 = Release|Any CPU
		{AAD01AC3-34EB-4CAA-BCCC-F2FE72E1E49A}.Release|x64.ActiveCfg = Release|Any CPU
		{AAD01AC3-34EB-4CAA-BCCC-F2FE72E1E49A}.Release|x64.Build.0 = Release|Any CPU
		{AAD01AC3-34EB-4CAA-BCCC-F2FE72E1E49A}.Release|x86.ActiveCfg = Release|Any CPU
		{AAD01AC3-34EB-4CAA-BCCC-F2FE72E1E49A}.Release|x86.Build.0 = Release|Any CPU
		{BD9417A4-5066-472B-BFB7-A9C92D06607A}.Debug|Any CPU.ActiveCfg = Debug|Any CPU
		{BD9417A4-5066-472B-BFB7-A9C92D06607A}.Debug|Any CPU.Build.0 = Debug|Any CPU
		{BD9417A4-5066-472B-BFB7-A9C92D06607A}.Debug|x64.ActiveCfg = Debug|Any CPU
		{BD9417A4-5066-472B-BFB7-A9C92D06607A}.Debug|x64.Build.0 = Debug|Any CPU
		{BD9417A4-5066-472B-BFB7-A9C92D06607A}.Debug|x86.ActiveCfg = Debug|Any CPU
		{BD9417A4-5066-472B-BFB7-A9C92D06607A}.Debug|x86.Build.0 = Debug|Any CPU
		{BD9417A4-5066-472B-BFB7-A9C92D06607A}.Release|Any CPU.ActiveCfg = Release|Any CPU
		{BD9417A4-5066-472B-BFB7-A9C92D06607A}.Release|Any CPU.Build.0 = Release|Any CPU
		{BD9417A4-5066-472B-BFB7-A9C92D06607A}.Release|x64.ActiveCfg = Release|Any CPU
		{BD9417A4-5066-472B-BFB7-A9C92D06607A}.Release|x64.Build.0 = Release|Any CPU
		{BD9417A4-5066-472B-BFB7-A9C92D06607A}.Release|x86.ActiveCfg = Release|Any CPU
		{BD9417A4-5066-472B-BFB7-A9C92D06607A}.Release|x86.Build.0 = Release|Any CPU
		{0D294B1C-EA75-44DD-BC73-8E5B0B7A6B3E}.Debug|Any CPU.ActiveCfg = Debug|Any CPU
		{0D294B1C-EA75-44DD-BC73-8E5B0B7A6B3E}.Debug|Any CPU.Build.0 = Debug|Any CPU
		{0D294B1C-EA75-44DD-BC73-8E5B0B7A6B3E}.Debug|x64.ActiveCfg = Debug|Any CPU
		{0D294B1C-EA75-44DD-BC73-8E5B0B7A6B3E}.Debug|x64.Build.0 = Debug|Any CPU
		{0D294B1C-EA75-44DD-BC73-8E5B0B7A6B3E}.Debug|x86.ActiveCfg = Debug|Any CPU
		{0D294B1C-EA75-44DD-BC73-8E5B0B7A6B3E}.Debug|x86.Build.0 = Debug|Any CPU
		{0D294B1C-EA75-44DD-BC73-8E5B0B7A6B3E}.Release|Any CPU.ActiveCfg = Release|Any CPU
		{0D294B1C-EA75-44DD-BC73-8E5B0B7A6B3E}.Release|Any CPU.Build.0 = Release|Any CPU
		{0D294B1C-EA75-44DD-BC73-8E5B0B7A6B3E}.Release|x64.ActiveCfg = Release|Any CPU
		{0D294B1C-EA75-44DD-BC73-8E5B0B7A6B3E}.Release|x64.Build.0 = Release|Any CPU
		{0D294B1C-EA75-44DD-BC73-8E5B0B7A6B3E}.Release|x86.ActiveCfg = Release|Any CPU
		{0D294B1C-EA75-44DD-BC73-8E5B0B7A6B3E}.Release|x86.Build.0 = Release|Any CPU
		{F1DEF9DD-D7BF-44CF-9324-198BAAA3CCB4}.Debug|Any CPU.ActiveCfg = Debug|Any CPU
		{F1DEF9DD-D7BF-44CF-9324-198BAAA3CCB4}.Debug|Any CPU.Build.0 = Debug|Any CPU
		{F1DEF9DD-D7BF-44CF-9324-198BAAA3CCB4}.Debug|x64.ActiveCfg = Debug|Any CPU
		{F1DEF9DD-D7BF-44CF-9324-198BAAA3CCB4}.Debug|x64.Build.0 = Debug|Any CPU
		{F1DEF9DD-D7BF-44CF-9324-198BAAA3CCB4}.Debug|x86.ActiveCfg = Debug|Any CPU
		{F1DEF9DD-D7BF-44CF-9324-198BAAA3CCB4}.Debug|x86.Build.0 = Debug|Any CPU
		{F1DEF9DD-D7BF-44CF-9324-198BAAA3CCB4}.Release|Any CPU.ActiveCfg = Release|Any CPU
		{F1DEF9DD-D7BF-44CF-9324-198BAAA3CCB4}.Release|Any CPU.Build.0 = Release|Any CPU
		{F1DEF9DD-D7BF-44CF-9324-198BAAA3CCB4}.Release|x64.ActiveCfg = Release|Any CPU
		{F1DEF9DD-D7BF-44CF-9324-198BAAA3CCB4}.Release|x64.Build.0 = Release|Any CPU
		{F1DEF9DD-D7BF-44CF-9324-198BAAA3CCB4}.Release|x86.ActiveCfg = Release|Any CPU
		{F1DEF9DD-D7BF-44CF-9324-198BAAA3CCB4}.Release|x86.Build.0 = Release|Any CPU
		{55445926-FBF6-43DC-AD32-B53FB04726AA}.Debug|Any CPU.ActiveCfg = Debug|Any CPU
		{55445926-FBF6-43DC-AD32-B53FB04726AA}.Debug|Any CPU.Build.0 = Debug|Any CPU
		{55445926-FBF6-43DC-AD32-B53FB04726AA}.Debug|x64.ActiveCfg = Debug|Any CPU
		{55445926-FBF6-43DC-AD32-B53FB04726AA}.Debug|x64.Build.0 = Debug|Any CPU
		{55445926-FBF6-43DC-AD32-B53FB04726AA}.Debug|x86.ActiveCfg = Debug|Any CPU
		{55445926-FBF6-43DC-AD32-B53FB04726AA}.Debug|x86.Build.0 = Debug|Any CPU
		{55445926-FBF6-43DC-AD32-B53FB04726AA}.Release|Any CPU.ActiveCfg = Release|Any CPU
		{55445926-FBF6-43DC-AD32-B53FB04726AA}.Release|Any CPU.Build.0 = Release|Any CPU
		{55445926-FBF6-43DC-AD32-B53FB04726AA}.Release|x64.ActiveCfg = Release|Any CPU
		{55445926-FBF6-43DC-AD32-B53FB04726AA}.Release|x64.Build.0 = Release|Any CPU
		{55445926-FBF6-43DC-AD32-B53FB04726AA}.Release|x86.ActiveCfg = Release|Any CPU
		{55445926-FBF6-43DC-AD32-B53FB04726AA}.Release|x86.Build.0 = Release|Any CPU
		{7B332ECC-525F-46F4-BEEF-79113ABB5060}.Debug|Any CPU.ActiveCfg = Debug|Any CPU
		{7B332ECC-525F-46F4-BEEF-79113ABB5060}.Debug|Any CPU.Build.0 = Debug|Any CPU
		{7B332ECC-525F-46F4-BEEF-79113ABB5060}.Debug|x64.ActiveCfg = Debug|Any CPU
		{7B332ECC-525F-46F4-BEEF-79113ABB5060}.Debug|x64.Build.0 = Debug|Any CPU
		{7B332ECC-525F-46F4-BEEF-79113ABB5060}.Debug|x86.ActiveCfg = Debug|Any CPU
		{7B332ECC-525F-46F4-BEEF-79113ABB5060}.Debug|x86.Build.0 = Debug|Any CPU
		{7B332ECC-525F-46F4-BEEF-79113ABB5060}.Release|Any CPU.ActiveCfg = Release|Any CPU
		{7B332ECC-525F-46F4-BEEF-79113ABB5060}.Release|Any CPU.Build.0 = Release|Any CPU
		{7B332ECC-525F-46F4-BEEF-79113ABB5060}.Release|x64.ActiveCfg = Release|Any CPU
		{7B332ECC-525F-46F4-BEEF-79113ABB5060}.Release|x64.Build.0 = Release|Any CPU
		{7B332ECC-525F-46F4-BEEF-79113ABB5060}.Release|x86.ActiveCfg = Release|Any CPU
		{7B332ECC-525F-46F4-BEEF-79113ABB5060}.Release|x86.Build.0 = Release|Any CPU
		{7F71A78C-02F8-47ED-BA37-BAF8199B656A}.Debug|Any CPU.ActiveCfg = Debug|Any CPU
		{7F71A78C-02F8-47ED-BA37-BAF8199B656A}.Debug|Any CPU.Build.0 = Debug|Any CPU
		{7F71A78C-02F8-47ED-BA37-BAF8199B656A}.Debug|x64.ActiveCfg = Debug|Any CPU
		{7F71A78C-02F8-47ED-BA37-BAF8199B656A}.Debug|x64.Build.0 = Debug|Any CPU
		{7F71A78C-02F8-47ED-BA37-BAF8199B656A}.Debug|x86.ActiveCfg = Debug|Any CPU
		{7F71A78C-02F8-47ED-BA37-BAF8199B656A}.Debug|x86.Build.0 = Debug|Any CPU
		{7F71A78C-02F8-47ED-BA37-BAF8199B656A}.Release|Any CPU.ActiveCfg = Release|Any CPU
		{7F71A78C-02F8-47ED-BA37-BAF8199B656A}.Release|Any CPU.Build.0 = Release|Any CPU
		{7F71A78C-02F8-47ED-BA37-BAF8199B656A}.Release|x64.ActiveCfg = Release|Any CPU
		{7F71A78C-02F8-47ED-BA37-BAF8199B656A}.Release|x64.Build.0 = Release|Any CPU
		{7F71A78C-02F8-47ED-BA37-BAF8199B656A}.Release|x86.ActiveCfg = Release|Any CPU
		{7F71A78C-02F8-47ED-BA37-BAF8199B656A}.Release|x86.Build.0 = Release|Any CPU
	EndGlobalSection
	GlobalSection(NestedProjects) = preSolution
		{AAD01AC3-34EB-4CAA-BCCC-F2FE72E1E49A} = {A3338E81-C1A0-4E98-A0C0-AC33D9891661}
		{BD9417A4-5066-472B-BFB7-A9C92D06607A} = {A3338E81-C1A0-4E98-A0C0-AC33D9891661}
		{0D294B1C-EA75-44DD-BC73-8E5B0B7A6B3E} = {A3338E81-C1A0-4E98-A0C0-AC33D9891661}
		{F1DEF9DD-D7BF-44CF-9324-198BAAA3CCB4} = {A3338E81-C1A0-4E98-A0C0-AC33D9891661}
		{55445926-FBF6-43DC-AD32-B53FB04726AA} = {9A43430F-CA0D-424E-8473-43308A1E6B12}
		{7B332ECC-525F-46F4-BEEF-79113ABB5060} = {9A43430F-CA0D-424E-8473-43308A1E6B12}
		{7F71A78C-02F8-47ED-BA37-BAF8199B656A} = {9A43430F-CA0D-424E-8473-43308A1E6B12}
	EndGlobalSection
EndGlobal
