
Microsoft Visual Studio Solution File, Format Version 12.00
# Visual Studio 15
VisualStudioVersion = 15.0.26124.0
MinimumVisualStudioVersion = 15.0.26124.0
Project("{2150E333-8FDC-42A3-9474-1A3956D46DE8}") = "Code", "Code", "{ECD66A55-FB1E-475C-8AFB-FC11AAAA630D}"
EndProject
Project("{FAE04EC0-301F-11D3-BF4B-00C04F79EFBC}") = "DotnetwithMogoDB.Api", "Code\DotnetwithMogoDB.Api\DotnetwithMogoDB.Api.csproj", "{A1566DEA-D85F-4B3C-9BC0-96B3ADF2FAAB}"
EndProject
Project("{FAE04EC0-301F-11D3-BF4B-00C04F79EFBC}") = "DotnetwithMogoDB.Business", "Code\DotnetwithMogoDB.Business\DotnetwithMogoDB.Business.csproj", "{9D049E7C-96B9-44EC-AD0E-137A3CC44725}"
EndProject
Project("{FAE04EC0-301F-11D3-BF4B-00C04F79EFBC}") = "DotnetwithMogoDB.Data", "Code\DotnetwithMogoDB.Data\DotnetwithMogoDB.Data.csproj", "{C737E56D-2843-4739-B1AC-FF5D0F096E5B}"
EndProject
Project("{FAE04EC0-301F-11D3-BF4B-00C04F79EFBC}") = "DotnetwithMogoDB.Entities", "Code\DotnetwithMogoDB.Entities\DotnetwithMogoDB.Entities.csproj", "{B59DF112-C16A-411B-B972-D3FD8D40197C}"
EndProject
Project("{FAE04EC0-301F-11D3-BF4B-00C04F79EFBC}") = "DotnetwithMogoDB.Test.Api", "Code\DotnetwithMogoDB.Test.Api\DotnetwithMogoDB.Test.Api.csproj", "{2C1802A9-8920-4F02-9604-B9F8A0F5AFFB}"
EndProject
Project("{FAE04EC0-301F-11D3-BF4B-00C04F79EFBC}") = "DotnetwithMogoDB.Test.Business", "Code\DotnetwithMogoDB.Test.Business\DotnetwithMogoDB.Test.Business.csproj", "{96FF5AF3-62EB-43D5-8C2C-CE65FE2ADEB8}"
EndProject
Project("{FAE04EC0-301F-11D3-BF4B-00C04F79EFBC}") = "DotnetwithMogoDB.Test.Framework", "Code\DotnetwithMogoDB.Test.Framework\DotnetwithMogoDB.Test.Framework.csproj", "{48E8BDE4-A5B4-4258-97EF-8EE5FEB182D3}"
EndProject
Project("{2150E333-8FDC-42A3-9474-1A3956D46DE8}") = "Test", "Test", "{011BAF88-D252-48F2-921C-73C6733DDB04}"
EndProject
Global
	GlobalSection(SolutionConfigurationPlatforms) = preSolution
		Debug|Any CPU = Debug|Any CPU
		Debug|x64 = Debug|x64
		Debug|x86 = Debug|x86
		Release|Any CPU = Release|Any CPU
		Release|x64 = Release|x64
		Release|x86 = Release|x86
	EndGlobalSection
	GlobalSection(SolutionProperties) = preSolution
		HideSolutionNode = FALSE
	EndGlobalSection
	GlobalSection(ProjectConfigurationPlatforms) = postSolution
		{A1566DEA-D85F-4B3C-9BC0-96B3ADF2FAAB}.Debug|Any CPU.ActiveCfg = Debug|Any CPU
		{A1566DEA-D85F-4B3C-9BC0-96B3ADF2FAAB}.Debug|Any CPU.Build.0 = Debug|Any CPU
		{A1566DEA-D85F-4B3C-9BC0-96B3ADF2FAAB}.Debug|x64.ActiveCfg = Debug|Any CPU
		{A1566DEA-D85F-4B3C-9BC0-96B3ADF2FAAB}.Debug|x64.Build.0 = Debug|Any CPU
		{A1566DEA-D85F-4B3C-9BC0-96B3ADF2FAAB}.Debug|x86.ActiveCfg = Debug|Any CPU
		{A1566DEA-D85F-4B3C-9BC0-96B3ADF2FAAB}.Debug|x86.Build.0 = Debug|Any CPU
		{A1566DEA-D85F-4B3C-9BC0-96B3ADF2FAAB}.Release|Any CPU.ActiveCfg = Release|Any CPU
		{A1566DEA-D85F-4B3C-9BC0-96B3ADF2FAAB}.Release|Any CPU.Build.0 = Release|Any CPU
		{A1566DEA-D85F-4B3C-9BC0-96B3ADF2FAAB}.Release|x64.ActiveCfg = Release|Any CPU
		{A1566DEA-D85F-4B3C-9BC0-96B3ADF2FAAB}.Release|x64.Build.0 = Release|Any CPU
		{A1566DEA-D85F-4B3C-9BC0-96B3ADF2FAAB}.Release|x86.ActiveCfg = Release|Any CPU
		{A1566DEA-D85F-4B3C-9BC0-96B3ADF2FAAB}.Release|x86.Build.0 = Release|Any CPU
		{9D049E7C-96B9-44EC-AD0E-137A3CC44725}.Debug|Any CPU.ActiveCfg = Debug|Any CPU
		{9D049E7C-96B9-44EC-AD0E-137A3CC44725}.Debug|Any CPU.Build.0 = Debug|Any CPU
		{9D049E7C-96B9-44EC-AD0E-137A3CC44725}.Debug|x64.ActiveCfg = Debug|Any CPU
		{9D049E7C-96B9-44EC-AD0E-137A3CC44725}.Debug|x64.Build.0 = Debug|Any CPU
		{9D049E7C-96B9-44EC-AD0E-137A3CC44725}.Debug|x86.ActiveCfg = Debug|Any CPU
		{9D049E7C-96B9-44EC-AD0E-137A3CC44725}.Debug|x86.Build.0 = Debug|Any CPU
		{9D049E7C-96B9-44EC-AD0E-137A3CC44725}.Release|Any CPU.ActiveCfg = Release|Any CPU
		{9D049E7C-96B9-44EC-AD0E-137A3CC44725}.Release|Any CPU.Build.0 = Release|Any CPU
		{9D049E7C-96B9-44EC-AD0E-137A3CC44725}.Release|x64.ActiveCfg = Release|Any CPU
		{9D049E7C-96B9-44EC-AD0E-137A3CC44725}.Release|x64.Build.0 = Release|Any CPU
		{9D049E7C-96B9-44EC-AD0E-137A3CC44725}.Release|x86.ActiveCfg = Release|Any CPU
		{9D049E7C-96B9-44EC-AD0E-137A3CC44725}.Release|x86.Build.0 = Release|Any CPU
		{C737E56D-2843-4739-B1AC-FF5D0F096E5B}.Debug|Any CPU.ActiveCfg = Debug|Any CPU
		{C737E56D-2843-4739-B1AC-FF5D0F096E5B}.Debug|Any CPU.Build.0 = Debug|Any CPU
		{C737E56D-2843-4739-B1AC-FF5D0F096E5B}.Debug|x64.ActiveCfg = Debug|Any CPU
		{C737E56D-2843-4739-B1AC-FF5D0F096E5B}.Debug|x64.Build.0 = Debug|Any CPU
		{C737E56D-2843-4739-B1AC-FF5D0F096E5B}.Debug|x86.ActiveCfg = Debug|Any CPU
		{C737E56D-2843-4739-B1AC-FF5D0F096E5B}.Debug|x86.Build.0 = Debug|Any CPU
		{C737E56D-2843-4739-B1AC-FF5D0F096E5B}.Release|Any CPU.ActiveCfg = Release|Any CPU
		{C737E56D-2843-4739-B1AC-FF5D0F096E5B}.Release|Any CPU.Build.0 = Release|Any CPU
		{C737E56D-2843-4739-B1AC-FF5D0F096E5B}.Release|x64.ActiveCfg = Release|Any CPU
		{C737E56D-2843-4739-B1AC-FF5D0F096E5B}.Release|x64.Build.0 = Release|Any CPU
		{C737E56D-2843-4739-B1AC-FF5D0F096E5B}.Release|x86.ActiveCfg = Release|Any CPU
		{C737E56D-2843-4739-B1AC-FF5D0F096E5B}.Release|x86.Build.0 = Release|Any CPU
		{B59DF112-C16A-411B-B972-D3FD8D40197C}.Debug|Any CPU.ActiveCfg = Debug|Any CPU
		{B59DF112-C16A-411B-B972-D3FD8D40197C}.Debug|Any CPU.Build.0 = Debug|Any CPU
		{B59DF112-C16A-411B-B972-D3FD8D40197C}.Debug|x64.ActiveCfg = Debug|Any CPU
		{B59DF112-C16A-411B-B972-D3FD8D40197C}.Debug|x64.Build.0 = Debug|Any CPU
		{B59DF112-C16A-411B-B972-D3FD8D40197C}.Debug|x86.ActiveCfg = Debug|Any CPU
		{B59DF112-C16A-411B-B972-D3FD8D40197C}.Debug|x86.Build.0 = Debug|Any CPU
		{B59DF112-C16A-411B-B972-D3FD8D40197C}.Release|Any CPU.ActiveCfg = Release|Any CPU
		{B59DF112-C16A-411B-B972-D3FD8D40197C}.Release|Any CPU.Build.0 = Release|Any CPU
		{B59DF112-C16A-411B-B972-D3FD8D40197C}.Release|x64.ActiveCfg = Release|Any CPU
		{B59DF112-C16A-411B-B972-D3FD8D40197C}.Release|x64.Build.0 = Release|Any CPU
		{B59DF112-C16A-411B-B972-D3FD8D40197C}.Release|x86.ActiveCfg = Release|Any CPU
		{B59DF112-C16A-411B-B972-D3FD8D40197C}.Release|x86.Build.0 = Release|Any CPU
		{2C1802A9-8920-4F02-9604-B9F8A0F5AFFB}.Debug|Any CPU.ActiveCfg = Debug|Any CPU
		{2C1802A9-8920-4F02-9604-B9F8A0F5AFFB}.Debug|Any CPU.Build.0 = Debug|Any CPU
		{2C1802A9-8920-4F02-9604-B9F8A0F5AFFB}.Debug|x64.ActiveCfg = Debug|Any CPU
		{2C1802A9-8920-4F02-9604-B9F8A0F5AFFB}.Debug|x64.Build.0 = Debug|Any CPU
		{2C1802A9-8920-4F02-9604-B9F8A0F5AFFB}.Debug|x86.ActiveCfg = Debug|Any CPU
		{2C1802A9-8920-4F02-9604-B9F8A0F5AFFB}.Debug|x86.Build.0 = Debug|Any CPU
		{2C1802A9-8920-4F02-9604-B9F8A0F5AFFB}.Release|Any CPU.ActiveCfg = Release|Any CPU
		{2C1802A9-8920-4F02-9604-B9F8A0F5AFFB}.Release|Any CPU.Build.0 = Release|Any CPU
		{2C1802A9-8920-4F02-9604-B9F8A0F5AFFB}.Release|x64.ActiveCfg = Release|Any CPU
		{2C1802A9-8920-4F02-9604-B9F8A0F5AFFB}.Release|x64.Build.0 = Release|Any CPU
		{2C1802A9-8920-4F02-9604-B9F8A0F5AFFB}.Release|x86.ActiveCfg = Release|Any CPU
		{2C1802A9-8920-4F02-9604-B9F8A0F5AFFB}.Release|x86.Build.0 = Release|Any CPU
		{96FF5AF3-62EB-43D5-8C2C-CE65FE2ADEB8}.Debug|Any CPU.ActiveCfg = Debug|Any CPU
		{96FF5AF3-62EB-43D5-8C2C-CE65FE2ADEB8}.Debug|Any CPU.Build.0 = Debug|Any CPU
		{96FF5AF3-62EB-43D5-8C2C-CE65FE2ADEB8}.Debug|x64.ActiveCfg = Debug|Any CPU
		{96FF5AF3-62EB-43D5-8C2C-CE65FE2ADEB8}.Debug|x64.Build.0 = Debug|Any CPU
		{96FF5AF3-62EB-43D5-8C2C-CE65FE2ADEB8}.Debug|x86.ActiveCfg = Debug|Any CPU
		{96FF5AF3-62EB-43D5-8C2C-CE65FE2ADEB8}.Debug|x86.Build.0 = Debug|Any CPU
		{96FF5AF3-62EB-43D5-8C2C-CE65FE2ADEB8}.Release|Any CPU.ActiveCfg = Release|Any CPU
		{96FF5AF3-62EB-43D5-8C2C-CE65FE2ADEB8}.Release|Any CPU.Build.0 = Release|Any CPU
		{96FF5AF3-62EB-43D5-8C2C-CE65FE2ADEB8}.Release|x64.ActiveCfg = Release|Any CPU
		{96FF5AF3-62EB-43D5-8C2C-CE65FE2ADEB8}.Release|x64.Build.0 = Release|Any CPU
		{96FF5AF3-62EB-43D5-8C2C-CE65FE2ADEB8}.Release|x86.ActiveCfg = Release|Any CPU
		{96FF5AF3-62EB-43D5-8C2C-CE65FE2ADEB8}.Release|x86.Build.0 = Release|Any CPU
		{48E8BDE4-A5B4-4258-97EF-8EE5FEB182D3}.Debug|Any CPU.ActiveCfg = Debug|Any CPU
		{48E8BDE4-A5B4-4258-97EF-8EE5FEB182D3}.Debug|Any CPU.Build.0 = Debug|Any CPU
		{48E8BDE4-A5B4-4258-97EF-8EE5FEB182D3}.Debug|x64.ActiveCfg = Debug|Any CPU
		{48E8BDE4-A5B4-4258-97EF-8EE5FEB182D3}.Debug|x64.Build.0 = Debug|Any CPU
		{48E8BDE4-A5B4-4258-97EF-8EE5FEB182D3}.Debug|x86.ActiveCfg = Debug|Any CPU
		{48E8BDE4-A5B4-4258-97EF-8EE5FEB182D3}.Debug|x86.Build.0 = Debug|Any CPU
		{48E8BDE4-A5B4-4258-97EF-8EE5FEB182D3}.Release|Any CPU.ActiveCfg = Release|Any CPU
		{48E8BDE4-A5B4-4258-97EF-8EE5FEB182D3}.Release|Any CPU.Build.0 = Release|Any CPU
		{48E8BDE4-A5B4-4258-97EF-8EE5FEB182D3}.Release|x64.ActiveCfg = Release|Any CPU
		{48E8BDE4-A5B4-4258-97EF-8EE5FEB182D3}.Release|x64.Build.0 = Release|Any CPU
		{48E8BDE4-A5B4-4258-97EF-8EE5FEB182D3}.Release|x86.ActiveCfg = Release|Any CPU
		{48E8BDE4-A5B4-4258-97EF-8EE5FEB182D3}.Release|x86.Build.0 = Release|Any CPU
	EndGlobalSection
	GlobalSection(NestedProjects) = preSolution
		{A1566DEA-D85F-4B3C-9BC0-96B3ADF2FAAB} = {ECD66A55-FB1E-475C-8AFB-FC11AAAA630D}
		{9D049E7C-96B9-44EC-AD0E-137A3CC44725} = {ECD66A55-FB1E-475C-8AFB-FC11AAAA630D}
		{C737E56D-2843-4739-B1AC-FF5D0F096E5B} = {ECD66A55-FB1E-475C-8AFB-FC11AAAA630D}
		{B59DF112-C16A-411B-B972-D3FD8D40197C} = {ECD66A55-FB1E-475C-8AFB-FC11AAAA630D}
		{2C1802A9-8920-4F02-9604-B9F8A0F5AFFB} = {011BAF88-D252-48F2-921C-73C6733DDB04}
		{96FF5AF3-62EB-43D5-8C2C-CE65FE2ADEB8} = {011BAF88-D252-48F2-921C-73C6733DDB04}
		{48E8BDE4-A5B4-4258-97EF-8EE5FEB182D3} = {011BAF88-D252-48F2-921C-73C6733DDB04}
	EndGlobalSection
EndGlobal
